
Microsoft Visual Studio Solution File, Format Version 12.00
# Visual Studio Version 16
VisualStudioVersion = 16.0.30804.86
MinimumVisualStudioVersion = 10.0.40219.1
Project("{FAE04EC0-301F-11D3-BF4B-00C04F79EFBC}") = "DataAccess", "DataAccess\DataAccess.csproj", "{8A84AC8C-136E-425E-B3B7-BC3A49F3AC08}"
EndProject
Project("{FAE04EC0-301F-11D3-BF4B-00C04F79EFBC}") = "Business", "Business\Business.csproj", "{5B5E272F-4FAD-404F-A0B6-D1EAE18B6259}"
EndProject
Project("{FAE04EC0-301F-11D3-BF4B-00C04F79EFBC}") = "Entities", "Entities\Entities.csproj", "{05A58560-B313-4C56-B578-DF9592F78FC3}"
EndProject
Project("{FAE04EC0-301F-11D3-BF4B-00C04F79EFBC}") = "ConsoleUI", "ConsoleUI\ConsoleUI.csproj", "{D571D070-868D-4CAF-9DEC-B0B030DEDC7F}"
EndProject
Global
	GlobalSection(SolutionConfigurationPlatforms) = preSolution
		Debug|Any CPU = Debug|Any CPU
		Release|Any CPU = Release|Any CPU
	EndGlobalSection
	GlobalSection(ProjectConfigurationPlatforms) = postSolution
		{8A84AC8C-136E-425E-B3B7-BC3A49F3AC08}.Debug|Any CPU.ActiveCfg = Debug|Any CPU
		{8A84AC8C-136E-425E-B3B7-BC3A49F3AC08}.Debug|Any CPU.Build.0 = Debug|Any CPU
		{8A84AC8C-136E-425E-B3B7-BC3A49F3AC08}.Release|Any CPU.ActiveCfg = Release|Any CPU
		{8A84AC8C-136E-425E-B3B7-BC3A49F3AC08}.Release|Any CPU.Build.0 = Release|Any CPU
		{5B5E272F-4FAD-404F-A0B6-D1EAE18B6259}.Debug|Any CPU.ActiveCfg = Debug|Any CPU
		{5B5E272F-4FAD-404F-A0B6-D1EAE18B6259}.Debug|Any CPU.Build.0 = Debug|Any CPU
		{5B5E272F-4FAD-404F-A0B6-D1EAE18B6259}.Release|Any CPU.ActiveCfg = Release|Any CPU
		{5B5E272F-4FAD-404F-A0B6-D1EAE18B6259}.Release|Any CPU.Build.0 = Release|Any CPU
		{05A58560-B313-4C56-B578-DF9592F78FC3}.Debug|Any CPU.ActiveCfg = Debug|Any CPU
		{05A58560-B313-4C56-B578-DF9592F78FC3}.Debug|Any CPU.Build.0 = Debug|Any CPU
		{05A58560-B313-4C56-B578-DF9592F78FC3}.Release|Any CPU.ActiveCfg = Release|Any CPU
		{05A58560-B313-4C56-B578-DF9592F78FC3}.Release|Any CPU.Build.0 = Release|Any CPU
		{D571D070-868D-4CAF-9DEC-B0B030DEDC7F}.Debug|Any CPU.ActiveCfg = Debug|Any CPU
		{D571D070-868D-4CAF-9DEC-B0B030DEDC7F}.Debug|Any CPU.Build.0 = Debug|Any CPU
		{D571D070-868D-4CAF-9DEC-B0B030DEDC7F}.Release|Any CPU.ActiveCfg = Release|Any CPU
		{D571D070-868D-4CAF-9DEC-B0B030DEDC7F}.Release|Any CPU.Build.0 = Release|Any CPU
	EndGlobalSection
	GlobalSection(SolutionProperties) = preSolution
		HideSolutionNode = FALSE
	EndGlobalSection
	GlobalSection(ExtensibilityGlobals) = postSolution
		SolutionGuid = {25073129-D1BB-40AC-BF03-13329507114D}
	EndGlobalSection
EndGlobal
